// !$*UTF8*$!
{
	archiveVersion = 1;
	classes = {
	};
	objectVersion = 46;
	objects = {

/* Begin PBXBuildFile section */
		054E478A1E2B28280041D189 /* main.c in Sources */ = {isa = PBXBuildFile; fileRef = 054E47891E2B28280041D189 /* main.c */; };
		054E47951E2B71120041D189 /* main.c in Sources */ = {isa = PBXBuildFile; fileRef = 054E47941E2B71120041D189 /* main.c */; };
		0569ABEE1E2DC63900940A37 /* main.c in Sources */ = {isa = PBXBuildFile; fileRef = 0569ABED1E2DC63900940A37 /* main.c */; };
		0569ABF91E2E672D00940A37 /* main.c in Sources */ = {isa = PBXBuildFile; fileRef = 0569ABF81E2E672D00940A37 /* main.c */; };
		057859A51E2CECAA003D8D33 /* main.c in Sources */ = {isa = PBXBuildFile; fileRef = 057859A41E2CECAA003D8D33 /* main.c */; };
		057859B01E2CFF45003D8D33 /* main.c in Sources */ = {isa = PBXBuildFile; fileRef = 057859AF1E2CFF45003D8D33 /* main.c */; };
		057859BB1E2D07D3003D8D33 /* main.c in Sources */ = {isa = PBXBuildFile; fileRef = 057859BA1E2D07D3003D8D33 /* main.c */; };
		05CA8E7F1E29E1B5006B6152 /* main.c in Sources */ = {isa = PBXBuildFile; fileRef = 05CA8E7E1E29E1B5006B6152 /* main.c */; };
		05CA8E8A1E29FDB9006B6152 /* main.m in Sources */ = {isa = PBXBuildFile; fileRef = 05CA8E891E29FDB9006B6152 /* main.m */; };
		05CA8E951E29FF27006B6152 /* main.swift in Sources */ = {isa = PBXBuildFile; fileRef = 05CA8E941E29FF27006B6152 /* main.swift */; };
		05CA8EA01E2A07AA006B6152 /* main.c in Sources */ = {isa = PBXBuildFile; fileRef = 05CA8E9F1E2A07AA006B6152 /* main.c */; };
		05CA8EAB1E2A16EE006B6152 /* main.c in Sources */ = {isa = PBXBuildFile; fileRef = 05CA8EAA1E2A16EE006B6152 /* main.c */; };
		05F1B6F51E307160005232CB /* main.c in Sources */ = {isa = PBXBuildFile; fileRef = 05F1B6F41E307160005232CB /* main.c */; };
		05F1B70B1E30EEDC005232CB /* main.c in Sources */ = {isa = PBXBuildFile; fileRef = 05F1B70A1E30EEDC005232CB /* main.c */; };
		05F1B7161E323A6B005232CB /* main.c in Sources */ = {isa = PBXBuildFile; fileRef = 05F1B7151E323A6B005232CB /* main.c */; };
		05F1B7211E338507005232CB /* main.c in Sources */ = {isa = PBXBuildFile; fileRef = 05F1B7201E338507005232CB /* main.c */; };
		05F1B72C1E34DDFE005232CB /* main.c in Sources */ = {isa = PBXBuildFile; fileRef = 05F1B72B1E34DDFE005232CB /* main.c */; };
		05F1B7371E35D0F1005232CB /* main.c in Sources */ = {isa = PBXBuildFile; fileRef = 05F1B7361E35D0F1005232CB /* main.c */; };
		05FF8AEC1E2FAFD40099A2B0 /* main.c in Sources */ = {isa = PBXBuildFile; fileRef = 05FF8AEB1E2FAFD40099A2B0 /* main.c */; };
/* End PBXBuildFile section */

/* Begin PBXCopyFilesBuildPhase section */
		054E47851E2B28280041D189 /* CopyFiles */ = {
			isa = PBXCopyFilesBuildPhase;
			buildActionMask = 2147483647;
			dstPath = /usr/share/man/man1/;
			dstSubfolderSpec = 0;
			files = (
			);
			runOnlyForDeploymentPostprocessing = 1;
		};
		054E47901E2B71120041D189 /* CopyFiles */ = {
			isa = PBXCopyFilesBuildPhase;
			buildActionMask = 2147483647;
			dstPath = /usr/share/man/man1/;
			dstSubfolderSpec = 0;
			files = (
			);
			runOnlyForDeploymentPostprocessing = 1;
		};
		0569ABE91E2DC63900940A37 /* CopyFiles */ = {
			isa = PBXCopyFilesBuildPhase;
			buildActionMask = 2147483647;
			dstPath = /usr/share/man/man1/;
			dstSubfolderSpec = 0;
			files = (
			);
			runOnlyForDeploymentPostprocessing = 1;
		};
		0569ABF41E2E672D00940A37 /* CopyFiles */ = {
			isa = PBXCopyFilesBuildPhase;
			buildActionMask = 2147483647;
			dstPath = /usr/share/man/man1/;
			dstSubfolderSpec = 0;
			files = (
			);
			runOnlyForDeploymentPostprocessing = 1;
		};
		057859A01E2CECAA003D8D33 /* CopyFiles */ = {
			isa = PBXCopyFilesBuildPhase;
			buildActionMask = 2147483647;
			dstPath = /usr/share/man/man1/;
			dstSubfolderSpec = 0;
			files = (
			);
			runOnlyForDeploymentPostprocessing = 1;
		};
		057859AB1E2CFF45003D8D33 /* CopyFiles */ = {
			isa = PBXCopyFilesBuildPhase;
			buildActionMask = 2147483647;
			dstPath = /usr/share/man/man1/;
			dstSubfolderSpec = 0;
			files = (
			);
			runOnlyForDeploymentPostprocessing = 1;
		};
		057859B61E2D07D3003D8D33 /* CopyFiles */ = {
			isa = PBXCopyFilesBuildPhase;
			buildActionMask = 2147483647;
			dstPath = /usr/share/man/man1/;
			dstSubfolderSpec = 0;
			files = (
			);
			runOnlyForDeploymentPostprocessing = 1;
		};
		05CA8E7A1E29E1B5006B6152 /* CopyFiles */ = {
			isa = PBXCopyFilesBuildPhase;
			buildActionMask = 2147483647;
			dstPath = /usr/share/man/man1/;
			dstSubfolderSpec = 0;
			files = (
			);
			runOnlyForDeploymentPostprocessing = 1;
		};
		05CA8E851E29FDB9006B6152 /* CopyFiles */ = {
			isa = PBXCopyFilesBuildPhase;
			buildActionMask = 2147483647;
			dstPath = /usr/share/man/man1/;
			dstSubfolderSpec = 0;
			files = (
			);
			runOnlyForDeploymentPostprocessing = 1;
		};
		05CA8E901E29FF27006B6152 /* CopyFiles */ = {
			isa = PBXCopyFilesBuildPhase;
			buildActionMask = 2147483647;
			dstPath = /usr/share/man/man1/;
			dstSubfolderSpec = 0;
			files = (
			);
			runOnlyForDeploymentPostprocessing = 1;
		};
		05CA8E9B1E2A07AA006B6152 /* CopyFiles */ = {
			isa = PBXCopyFilesBuildPhase;
			buildActionMask = 2147483647;
			dstPath = /usr/share/man/man1/;
			dstSubfolderSpec = 0;
			files = (
			);
			runOnlyForDeploymentPostprocessing = 1;
		};
		05CA8EA61E2A16EE006B6152 /* CopyFiles */ = {
			isa = PBXCopyFilesBuildPhase;
			buildActionMask = 2147483647;
			dstPath = /usr/share/man/man1/;
			dstSubfolderSpec = 0;
			files = (
			);
			runOnlyForDeploymentPostprocessing = 1;
		};
		05F1B6F01E307160005232CB /* CopyFiles */ = {
			isa = PBXCopyFilesBuildPhase;
			buildActionMask = 2147483647;
			dstPath = /usr/share/man/man1/;
			dstSubfolderSpec = 0;
			files = (
			);
			runOnlyForDeploymentPostprocessing = 1;
		};
		05F1B7061E30EEDC005232CB /* CopyFiles */ = {
			isa = PBXCopyFilesBuildPhase;
			buildActionMask = 2147483647;
			dstPath = /usr/share/man/man1/;
			dstSubfolderSpec = 0;
			files = (
			);
			runOnlyForDeploymentPostprocessing = 1;
		};
		05F1B7111E323A6B005232CB /* CopyFiles */ = {
			isa = PBXCopyFilesBuildPhase;
			buildActionMask = 2147483647;
			dstPath = /usr/share/man/man1/;
			dstSubfolderSpec = 0;
			files = (
			);
			runOnlyForDeploymentPostprocessing = 1;
		};
		05F1B71C1E338507005232CB /* CopyFiles */ = {
			isa = PBXCopyFilesBuildPhase;
			buildActionMask = 2147483647;
			dstPath = /usr/share/man/man1/;
			dstSubfolderSpec = 0;
			files = (
			);
			runOnlyForDeploymentPostprocessing = 1;
		};
		05F1B7271E34DDFE005232CB /* CopyFiles */ = {
			isa = PBXCopyFilesBuildPhase;
			buildActionMask = 2147483647;
			dstPath = /usr/share/man/man1/;
			dstSubfolderSpec = 0;
			files = (
			);
			runOnlyForDeploymentPostprocessing = 1;
		};
		05F1B7321E35D0F1005232CB /* CopyFiles */ = {
			isa = PBXCopyFilesBuildPhase;
			buildActionMask = 2147483647;
			dstPath = /usr/share/man/man1/;
			dstSubfolderSpec = 0;
			files = (
			);
			runOnlyForDeploymentPostprocessing = 1;
		};
		05FF8AE71E2FAFD40099A2B0 /* CopyFiles */ = {
			isa = PBXCopyFilesBuildPhase;
			buildActionMask = 2147483647;
			dstPath = /usr/share/man/man1/;
			dstSubfolderSpec = 0;
			files = (
			);
			runOnlyForDeploymentPostprocessing = 1;
		};
/* End PBXCopyFilesBuildPhase section */

/* Begin PBXFileReference section */
		054E47871E2B28280041D189 /* 倒序遍历链表 */ = {isa = PBXFileReference; explicitFileType = "compiled.mach-o.executable"; includeInIndex = 0; path = "倒序遍历链表"; sourceTree = BUILT_PRODUCTS_DIR; };
		054E47891E2B28280041D189 /* main.c */ = {isa = PBXFileReference; lastKnownFileType = sourcecode.c.c; path = main.c; sourceTree = "<group>"; };
		054E47921E2B71120041D189 /* 重建二叉树 */ = {isa = PBXFileReference; explicitFileType = "compiled.mach-o.executable"; includeInIndex = 0; path = "重建二叉树"; sourceTree = BUILT_PRODUCTS_DIR; };
		054E47941E2B71120041D189 /* main.c */ = {isa = PBXFileReference; lastKnownFileType = sourcecode.c.c; path = main.c; sourceTree = "<group>"; };
		0569ABEB1E2DC63900940A37 /* 二进制中 1 的个数 */ = {isa = PBXFileReference; explicitFileType = "compiled.mach-o.executable"; includeInIndex = 0; path = "二进制中 1 的个数"; sourceTree = BUILT_PRODUCTS_DIR; };
		0569ABED1E2DC63900940A37 /* main.c */ = {isa = PBXFileReference; lastKnownFileType = sourcecode.c.c; path = main.c; sourceTree = "<group>"; };
		0569ABF61E2E672D00940A37 /* 归并排序 */ = {isa = PBXFileReference; explicitFileType = "compiled.mach-o.executable"; includeInIndex = 0; path = "归并排序"; sourceTree = BUILT_PRODUCTS_DIR; };
		0569ABF81E2E672D00940A37 /* main.c */ = {isa = PBXFileReference; lastKnownFileType = sourcecode.c.c; path = main.c; sourceTree = "<group>"; };
		057859A21E2CECAA003D8D33 /* 快速排序 */ = {isa = PBXFileReference; explicitFileType = "compiled.mach-o.executable"; includeInIndex = 0; path = "快速排序"; sourceTree = BUILT_PRODUCTS_DIR; };
		057859A41E2CECAA003D8D33 /* main.c */ = {isa = PBXFileReference; lastKnownFileType = sourcecode.c.c; path = main.c; sourceTree = "<group>"; };
		057859AD1E2CFF45003D8D33 /* 旋转数组中的最小数字 */ = {isa = PBXFileReference; explicitFileType = "compiled.mach-o.executable"; includeInIndex = 0; path = "旋转数组中的最小数字"; sourceTree = BUILT_PRODUCTS_DIR; };
		057859AF1E2CFF45003D8D33 /* main.c */ = {isa = PBXFileReference; lastKnownFileType = sourcecode.c.c; path = main.c; sourceTree = "<group>"; };
		057859B81E2D07D3003D8D33 /* 斐波那契数列 */ = {isa = PBXFileReference; explicitFileType = "compiled.mach-o.executable"; includeInIndex = 0; path = "斐波那契数列"; sourceTree = BUILT_PRODUCTS_DIR; };
		057859BA1E2D07D3003D8D33 /* main.c */ = {isa = PBXFileReference; lastKnownFileType = sourcecode.c.c; path = main.c; sourceTree = "<group>"; };
		05CA8E7C1E29E1B5006B6152 /* 单例 */ = {isa = PBXFileReference; explicitFileType = "compiled.mach-o.executable"; includeInIndex = 0; path = "单例"; sourceTree = BUILT_PRODUCTS_DIR; };
		05CA8E7E1E29E1B5006B6152 /* main.c */ = {isa = PBXFileReference; lastKnownFileType = sourcecode.c.c; path = main.c; sourceTree = "<group>"; };
		05CA8E871E29FDB9006B6152 /* 单例 Objc */ = {isa = PBXFileReference; explicitFileType = "compiled.mach-o.executable"; includeInIndex = 0; path = "单例 Objc"; sourceTree = BUILT_PRODUCTS_DIR; };
		05CA8E891E29FDB9006B6152 /* main.m */ = {isa = PBXFileReference; lastKnownFileType = sourcecode.c.objc; path = main.m; sourceTree = "<group>"; };
		05CA8E921E29FF27006B6152 /* 单例 Swift */ = {isa = PBXFileReference; explicitFileType = "compiled.mach-o.executable"; includeInIndex = 0; path = "单例 Swift"; sourceTree = BUILT_PRODUCTS_DIR; };
		05CA8E941E29FF27006B6152 /* main.swift */ = {isa = PBXFileReference; lastKnownFileType = sourcecode.swift; path = main.swift; sourceTree = "<group>"; };
		05CA8E9D1E2A07AA006B6152 /* 二维数组的查找 */ = {isa = PBXFileReference; explicitFileType = "compiled.mach-o.executable"; includeInIndex = 0; path = "二维数组的查找"; sourceTree = BUILT_PRODUCTS_DIR; };
		05CA8E9F1E2A07AA006B6152 /* main.c */ = {isa = PBXFileReference; lastKnownFileType = sourcecode.c.c; path = main.c; sourceTree = "<group>"; };
		05CA8EA81E2A16EE006B6152 /* 替换字符串中的空格 */ = {isa = PBXFileReference; explicitFileType = "compiled.mach-o.executable"; includeInIndex = 0; path = "替换字符串中的空格"; sourceTree = BUILT_PRODUCTS_DIR; };
		05CA8EAA1E2A16EE006B6152 /* main.c */ = {isa = PBXFileReference; lastKnownFileType = sourcecode.c.c; path = main.c; sourceTree = "<group>"; };
		05F1B6F21E307160005232CB /* 在 O(1) 时间删除链表节点 */ = {isa = PBXFileReference; explicitFileType = "compiled.mach-o.executable"; includeInIndex = 0; path = "在 O(1) 时间删除链表节点"; sourceTree = BUILT_PRODUCTS_DIR; };
		05F1B6F41E307160005232CB /* main.c */ = {isa = PBXFileReference; lastKnownFileType = sourcecode.c.c; path = main.c; sourceTree = "<group>"; };
		05F1B7081E30EEDC005232CB /* 调整数组顺序使奇数位于偶数前面 */ = {isa = PBXFileReference; explicitFileType = "compiled.mach-o.executable"; includeInIndex = 0; path = "调整数组顺序使奇数位于偶数前面"; sourceTree = BUILT_PRODUCTS_DIR; };
		05F1B70A1E30EEDC005232CB /* main.c */ = {isa = PBXFileReference; lastKnownFileType = sourcecode.c.c; path = main.c; sourceTree = "<group>"; };
		05F1B7131E323A6B005232CB /* 链表倒数第 K 个节点 */ = {isa = PBXFileReference; explicitFileType = "compiled.mach-o.executable"; includeInIndex = 0; path = "链表倒数第 K 个节点"; sourceTree = BUILT_PRODUCTS_DIR; };
		05F1B7151E323A6B005232CB /* main.c */ = {isa = PBXFileReference; lastKnownFileType = sourcecode.c.c; path = main.c; sourceTree = "<group>"; };
		05F1B71E1E338507005232CB /* 反转链表 */ = {isa = PBXFileReference; explicitFileType = "compiled.mach-o.executable"; includeInIndex = 0; path = "反转链表"; sourceTree = BUILT_PRODUCTS_DIR; };
		05F1B7201E338507005232CB /* main.c */ = {isa = PBXFileReference; lastKnownFileType = sourcecode.c.c; path = main.c; sourceTree = "<group>"; };
		05F1B7291E34DDFE005232CB /* 合并两个排序的链表 */ = {isa = PBXFileReference; explicitFileType = "compiled.mach-o.executable"; includeInIndex = 0; path = "合并两个排序的链表"; sourceTree = BUILT_PRODUCTS_DIR; };
		05F1B72B1E34DDFE005232CB /* main.c */ = {isa = PBXFileReference; lastKnownFileType = sourcecode.c.c; path = main.c; sourceTree = "<group>"; };
		05F1B7341E35D0F1005232CB /* 树的子结构 */ = {isa = PBXFileReference; explicitFileType = "compiled.mach-o.executable"; includeInIndex = 0; path = "树的子结构"; sourceTree = BUILT_PRODUCTS_DIR; };
		05F1B7361E35D0F1005232CB /* main.c */ = {isa = PBXFileReference; lastKnownFileType = sourcecode.c.c; path = main.c; sourceTree = "<group>"; };
		05FF8AE91E2FAFD40099A2B0 /* 数值的整数次方 */ = {isa = PBXFileReference; explicitFileType = "compiled.mach-o.executable"; includeInIndex = 0; path = "数值的整数次方"; sourceTree = BUILT_PRODUCTS_DIR; };
		05FF8AEB1E2FAFD40099A2B0 /* main.c */ = {isa = PBXFileReference; lastKnownFileType = sourcecode.c.c; path = main.c; sourceTree = "<group>"; };
/* End PBXFileReference section */

/* Begin PBXFrameworksBuildPhase section */
		054E47841E2B28280041D189 /* Frameworks */ = {
			isa = PBXFrameworksBuildPhase;
			buildActionMask = 2147483647;
			files = (
			);
			runOnlyForDeploymentPostprocessing = 0;
		};
		054E478F1E2B71120041D189 /* Frameworks */ = {
			isa = PBXFrameworksBuildPhase;
			buildActionMask = 2147483647;
			files = (
			);
			runOnlyForDeploymentPostprocessing = 0;
		};
		0569ABE81E2DC63900940A37 /* Frameworks */ = {
			isa = PBXFrameworksBuildPhase;
			buildActionMask = 2147483647;
			files = (
			);
			runOnlyForDeploymentPostprocessing = 0;
		};
		0569ABF31E2E672D00940A37 /* Frameworks */ = {
			isa = PBXFrameworksBuildPhase;
			buildActionMask = 2147483647;
			files = (
			);
			runOnlyForDeploymentPostprocessing = 0;
		};
		0578599F1E2CECAA003D8D33 /* Frameworks */ = {
			isa = PBXFrameworksBuildPhase;
			buildActionMask = 2147483647;
			files = (
			);
			runOnlyForDeploymentPostprocessing = 0;
		};
		057859AA1E2CFF45003D8D33 /* Frameworks */ = {
			isa = PBXFrameworksBuildPhase;
			buildActionMask = 2147483647;
			files = (
			);
			runOnlyForDeploymentPostprocessing = 0;
		};
		057859B51E2D07D3003D8D33 /* Frameworks */ = {
			isa = PBXFrameworksBuildPhase;
			buildActionMask = 2147483647;
			files = (
			);
			runOnlyForDeploymentPostprocessing = 0;
		};
		05CA8E791E29E1B5006B6152 /* Frameworks */ = {
			isa = PBXFrameworksBuildPhase;
			buildActionMask = 2147483647;
			files = (
			);
			runOnlyForDeploymentPostprocessing = 0;
		};
		05CA8E841E29FDB9006B6152 /* Frameworks */ = {
			isa = PBXFrameworksBuildPhase;
			buildActionMask = 2147483647;
			files = (
			);
			runOnlyForDeploymentPostprocessing = 0;
		};
		05CA8E8F1E29FF27006B6152 /* Frameworks */ = {
			isa = PBXFrameworksBuildPhase;
			buildActionMask = 2147483647;
			files = (
			);
			runOnlyForDeploymentPostprocessing = 0;
		};
		05CA8E9A1E2A07AA006B6152 /* Frameworks */ = {
			isa = PBXFrameworksBuildPhase;
			buildActionMask = 2147483647;
			files = (
			);
			runOnlyForDeploymentPostprocessing = 0;
		};
		05CA8EA51E2A16EE006B6152 /* Frameworks */ = {
			isa = PBXFrameworksBuildPhase;
			buildActionMask = 2147483647;
			files = (
			);
			runOnlyForDeploymentPostprocessing = 0;
		};
		05F1B6EF1E307160005232CB /* Frameworks */ = {
			isa = PBXFrameworksBuildPhase;
			buildActionMask = 2147483647;
			files = (
			);
			runOnlyForDeploymentPostprocessing = 0;
		};
		05F1B7051E30EEDC005232CB /* Frameworks */ = {
			isa = PBXFrameworksBuildPhase;
			buildActionMask = 2147483647;
			files = (
			);
			runOnlyForDeploymentPostprocessing = 0;
		};
		05F1B7101E323A6B005232CB /* Frameworks */ = {
			isa = PBXFrameworksBuildPhase;
			buildActionMask = 2147483647;
			files = (
			);
			runOnlyForDeploymentPostprocessing = 0;
		};
		05F1B71B1E338507005232CB /* Frameworks */ = {
			isa = PBXFrameworksBuildPhase;
			buildActionMask = 2147483647;
			files = (
			);
			runOnlyForDeploymentPostprocessing = 0;
		};
		05F1B7261E34DDFE005232CB /* Frameworks */ = {
			isa = PBXFrameworksBuildPhase;
			buildActionMask = 2147483647;
			files = (
			);
			runOnlyForDeploymentPostprocessing = 0;
		};
		05F1B7311E35D0F1005232CB /* Frameworks */ = {
			isa = PBXFrameworksBuildPhase;
			buildActionMask = 2147483647;
			files = (
			);
			runOnlyForDeploymentPostprocessing = 0;
		};
		05FF8AE61E2FAFD40099A2B0 /* Frameworks */ = {
			isa = PBXFrameworksBuildPhase;
			buildActionMask = 2147483647;
			files = (
			);
			runOnlyForDeploymentPostprocessing = 0;
		};
/* End PBXFrameworksBuildPhase section */

/* Begin PBXGroup section */
		054E47881E2B28280041D189 /* 倒序遍历链表 */ = {
			isa = PBXGroup;
			children = (
				054E47891E2B28280041D189 /* main.c */,
			);
			path = "倒序遍历链表";
			sourceTree = "<group>";
		};
		054E47931E2B71120041D189 /* 重建二叉树 */ = {
			isa = PBXGroup;
			children = (
				054E47941E2B71120041D189 /* main.c */,
			);
			path = "重建二叉树";
			sourceTree = "<group>";
		};
		0569ABEC1E2DC63900940A37 /* 二进制中 1 的个数 */ = {
			isa = PBXGroup;
			children = (
				0569ABED1E2DC63900940A37 /* main.c */,
			);
			path = "二进制中 1 的个数";
			sourceTree = "<group>";
		};
		0569ABF71E2E672D00940A37 /* 归并排序 */ = {
			isa = PBXGroup;
			children = (
				0569ABF81E2E672D00940A37 /* main.c */,
			);
			path = "归并排序";
			sourceTree = "<group>";
		};
		057859A31E2CECAA003D8D33 /* 快速排序 */ = {
			isa = PBXGroup;
			children = (
				057859A41E2CECAA003D8D33 /* main.c */,
			);
			path = "快速排序";
			sourceTree = "<group>";
		};
		057859AE1E2CFF45003D8D33 /* 旋转数组中的最小数字 */ = {
			isa = PBXGroup;
			children = (
				057859AF1E2CFF45003D8D33 /* main.c */,
			);
			path = "旋转数组中的最小数字";
			sourceTree = "<group>";
		};
		057859B91E2D07D3003D8D33 /* 斐波那契数列 */ = {
			isa = PBXGroup;
			children = (
				057859BA1E2D07D3003D8D33 /* main.c */,
			);
			path = "斐波那契数列";
			sourceTree = "<group>";
		};
		05CA8E5A1E29E160006B6152 = {
			isa = PBXGroup;
			children = (
				05CA8E7D1E29E1B5006B6152 /* 单例 */,
				05CA8E881E29FDB9006B6152 /* 单例 Objc */,
				05CA8E931E29FF27006B6152 /* 单例 Swift */,
				05CA8E9E1E2A07AA006B6152 /* 二维数组的查找 */,
				05CA8EA91E2A16EE006B6152 /* 替换字符串中的空格 */,
				054E47881E2B28280041D189 /* 倒序遍历链表 */,
				054E47931E2B71120041D189 /* 重建二叉树 */,
				057859A31E2CECAA003D8D33 /* 快速排序 */,
				0569ABF71E2E672D00940A37 /* 归并排序 */,
				057859AE1E2CFF45003D8D33 /* 旋转数组中的最小数字 */,
				057859B91E2D07D3003D8D33 /* 斐波那契数列 */,
				0569ABEC1E2DC63900940A37 /* 二进制中 1 的个数 */,
				05FF8AEA1E2FAFD40099A2B0 /* 数值的整数次方 */,
				05F1B6F31E307160005232CB /* 在 O(1) 时间删除链表节点 */,
				05F1B7091E30EEDC005232CB /* 调整数组顺序使奇数位于偶数前面 */,
				05F1B7141E323A6B005232CB /* 链表倒数第 K 个节点 */,
				05F1B71F1E338507005232CB /* 反转链表 */,
				05F1B72A1E34DDFE005232CB /* 合并两个排序的链表 */,
				05F1B7351E35D0F1005232CB /* 树的子结构 */,
				05CA8E641E29E160006B6152 /* Products */,
			);
			sourceTree = "<group>";
		};
		05CA8E641E29E160006B6152 /* Products */ = {
			isa = PBXGroup;
			children = (
				05CA8E7C1E29E1B5006B6152 /* 单例 */,
				05CA8E871E29FDB9006B6152 /* 单例 Objc */,
				05CA8E921E29FF27006B6152 /* 单例 Swift */,
				05CA8E9D1E2A07AA006B6152 /* 二维数组的查找 */,
				05CA8EA81E2A16EE006B6152 /* 替换字符串中的空格 */,
				054E47871E2B28280041D189 /* 倒序遍历链表 */,
				054E47921E2B71120041D189 /* 重建二叉树 */,
				057859A21E2CECAA003D8D33 /* 快速排序 */,
				057859AD1E2CFF45003D8D33 /* 旋转数组中的最小数字 */,
				057859B81E2D07D3003D8D33 /* 斐波那契数列 */,
				0569ABEB1E2DC63900940A37 /* 二进制中 1 的个数 */,
				0569ABF61E2E672D00940A37 /* 归并排序 */,
				05FF8AE91E2FAFD40099A2B0 /* 数值的整数次方 */,
				05F1B6F21E307160005232CB /* 在 O(1) 时间删除链表节点 */,
				05F1B7081E30EEDC005232CB /* 调整数组顺序使奇数位于偶数前面 */,
				05F1B7131E323A6B005232CB /* 链表倒数第 K 个节点 */,
				05F1B71E1E338507005232CB /* 反转链表 */,
				05F1B7291E34DDFE005232CB /* 合并两个排序的链表 */,
				05F1B7341E35D0F1005232CB /* 树的子结构 */,
			);
			name = Products;
			sourceTree = "<group>";
		};
		05CA8E7D1E29E1B5006B6152 /* 单例 */ = {
			isa = PBXGroup;
			children = (
				05CA8E7E1E29E1B5006B6152 /* main.c */,
			);
			path = "单例";
			sourceTree = "<group>";
		};
		05CA8E881E29FDB9006B6152 /* 单例 Objc */ = {
			isa = PBXGroup;
			children = (
				05CA8E891E29FDB9006B6152 /* main.m */,
			);
			path = "单例 Objc";
			sourceTree = "<group>";
		};
		05CA8E931E29FF27006B6152 /* 单例 Swift */ = {
			isa = PBXGroup;
			children = (
				05CA8E941E29FF27006B6152 /* main.swift */,
			);
			path = "单例 Swift";
			sourceTree = "<group>";
		};
		05CA8E9E1E2A07AA006B6152 /* 二维数组的查找 */ = {
			isa = PBXGroup;
			children = (
				05CA8E9F1E2A07AA006B6152 /* main.c */,
			);
			path = "二维数组的查找";
			sourceTree = "<group>";
		};
		05CA8EA91E2A16EE006B6152 /* 替换字符串中的空格 */ = {
			isa = PBXGroup;
			children = (
				05CA8EAA1E2A16EE006B6152 /* main.c */,
			);
			path = "替换字符串中的空格";
			sourceTree = "<group>";
		};
		05F1B6F31E307160005232CB /* 在 O(1) 时间删除链表节点 */ = {
			isa = PBXGroup;
			children = (
				05F1B6F41E307160005232CB /* main.c */,
			);
			path = "在 O(1) 时间删除链表节点";
			sourceTree = "<group>";
		};
		05F1B7091E30EEDC005232CB /* 调整数组顺序使奇数位于偶数前面 */ = {
			isa = PBXGroup;
			children = (
				05F1B70A1E30EEDC005232CB /* main.c */,
			);
			path = "调整数组顺序使奇数位于偶数前面";
			sourceTree = "<group>";
		};
		05F1B7141E323A6B005232CB /* 链表倒数第 K 个节点 */ = {
			isa = PBXGroup;
			children = (
				05F1B7151E323A6B005232CB /* main.c */,
			);
			path = "链表倒数第 K 个节点";
			sourceTree = "<group>";
		};
		05F1B71F1E338507005232CB /* 反转链表 */ = {
			isa = PBXGroup;
			children = (
				05F1B7201E338507005232CB /* main.c */,
			);
			path = "反转链表";
			sourceTree = "<group>";
		};
		05F1B72A1E34DDFE005232CB /* 合并两个排序的链表 */ = {
			isa = PBXGroup;
			children = (
				05F1B72B1E34DDFE005232CB /* main.c */,
			);
			path = "合并两个排序的链表";
			sourceTree = "<group>";
		};
		05F1B7351E35D0F1005232CB /* 树的子结构 */ = {
			isa = PBXGroup;
			children = (
				05F1B7361E35D0F1005232CB /* main.c */,
			);
			path = "树的子结构";
			sourceTree = "<group>";
		};
		05FF8AEA1E2FAFD40099A2B0 /* 数值的整数次方 */ = {
			isa = PBXGroup;
			children = (
				05FF8AEB1E2FAFD40099A2B0 /* main.c */,
			);
			path = "数值的整数次方";
			sourceTree = "<group>";
		};
/* End PBXGroup section */

/* Begin PBXNativeTarget section */
		054E47861E2B28280041D189 /* 倒序遍历链表 */ = {
			isa = PBXNativeTarget;
			buildConfigurationList = 054E478D1E2B28280041D189 /* Build configuration list for PBXNativeTarget "倒序遍历链表" */;
			buildPhases = (
				054E47831E2B28280041D189 /* Sources */,
				054E47841E2B28280041D189 /* Frameworks */,
				054E47851E2B28280041D189 /* CopyFiles */,
			);
			buildRules = (
			);
			dependencies = (
			);
			name = "倒序遍历链表";
			productName = "倒序遍历链表";
			productReference = 054E47871E2B28280041D189 /* 倒序遍历链表 */;
			productType = "com.apple.product-type.tool";
		};
		054E47911E2B71120041D189 /* 重建二叉树 */ = {
			isa = PBXNativeTarget;
			buildConfigurationList = 054E47961E2B71120041D189 /* Build configuration list for PBXNativeTarget "重建二叉树" */;
			buildPhases = (
				054E478E1E2B71120041D189 /* Sources */,
				054E478F1E2B71120041D189 /* Frameworks */,
				054E47901E2B71120041D189 /* CopyFiles */,
			);
			buildRules = (
			);
			dependencies = (
			);
			name = "重建二叉树";
			productName = "重建二叉树";
			productReference = 054E47921E2B71120041D189 /* 重建二叉树 */;
			productType = "com.apple.product-type.tool";
		};
		0569ABEA1E2DC63900940A37 /* 二进制中 1 的个数 */ = {
			isa = PBXNativeTarget;
			buildConfigurationList = 0569ABF11E2DC63900940A37 /* Build configuration list for PBXNativeTarget "二进制中 1 的个数" */;
			buildPhases = (
				0569ABE71E2DC63900940A37 /* Sources */,
				0569ABE81E2DC63900940A37 /* Frameworks */,
				0569ABE91E2DC63900940A37 /* CopyFiles */,
			);
			buildRules = (
			);
			dependencies = (
			);
			name = "二进制中 1 的个数";
			productName = "二进制中 1 的个数";
			productReference = 0569ABEB1E2DC63900940A37 /* 二进制中 1 的个数 */;
			productType = "com.apple.product-type.tool";
		};
		0569ABF51E2E672D00940A37 /* 归并排序 */ = {
			isa = PBXNativeTarget;
			buildConfigurationList = 0569ABFA1E2E672D00940A37 /* Build configuration list for PBXNativeTarget "归并排序" */;
			buildPhases = (
				0569ABF21E2E672D00940A37 /* Sources */,
				0569ABF31E2E672D00940A37 /* Frameworks */,
				0569ABF41E2E672D00940A37 /* CopyFiles */,
			);
			buildRules = (
			);
			dependencies = (
			);
			name = "归并排序";
			productName = "归并排序";
			productReference = 0569ABF61E2E672D00940A37 /* 归并排序 */;
			productType = "com.apple.product-type.tool";
		};
		057859A11E2CECAA003D8D33 /* 快速排序 */ = {
			isa = PBXNativeTarget;
			buildConfigurationList = 057859A81E2CECAA003D8D33 /* Build configuration list for PBXNativeTarget "快速排序" */;
			buildPhases = (
				0578599E1E2CECAA003D8D33 /* Sources */,
				0578599F1E2CECAA003D8D33 /* Frameworks */,
				057859A01E2CECAA003D8D33 /* CopyFiles */,
			);
			buildRules = (
			);
			dependencies = (
			);
			name = "快速排序";
			productName = "快速排序";
			productReference = 057859A21E2CECAA003D8D33 /* 快速排序 */;
			productType = "com.apple.product-type.tool";
		};
		057859AC1E2CFF45003D8D33 /* 旋转数组中的最小数字 */ = {
			isa = PBXNativeTarget;
			buildConfigurationList = 057859B11E2CFF45003D8D33 /* Build configuration list for PBXNativeTarget "旋转数组中的最小数字" */;
			buildPhases = (
				057859A91E2CFF45003D8D33 /* Sources */,
				057859AA1E2CFF45003D8D33 /* Frameworks */,
				057859AB1E2CFF45003D8D33 /* CopyFiles */,
			);
			buildRules = (
			);
			dependencies = (
			);
			name = "旋转数组中的最小数字";
			productName = "旋转数组中的最小数字";
			productReference = 057859AD1E2CFF45003D8D33 /* 旋转数组中的最小数字 */;
			productType = "com.apple.product-type.tool";
		};
		057859B71E2D07D3003D8D33 /* 斐波那契数列 */ = {
			isa = PBXNativeTarget;
			buildConfigurationList = 057859BC1E2D07D3003D8D33 /* Build configuration list for PBXNativeTarget "斐波那契数列" */;
			buildPhases = (
				057859B41E2D07D3003D8D33 /* Sources */,
				057859B51E2D07D3003D8D33 /* Frameworks */,
				057859B61E2D07D3003D8D33 /* CopyFiles */,
			);
			buildRules = (
			);
			dependencies = (
			);
			name = "斐波那契数列";
			productName = "斐波那契数列";
			productReference = 057859B81E2D07D3003D8D33 /* 斐波那契数列 */;
			productType = "com.apple.product-type.tool";
		};
		05CA8E7B1E29E1B5006B6152 /* 单例 */ = {
			isa = PBXNativeTarget;
			buildConfigurationList = 05CA8E801E29E1B5006B6152 /* Build configuration list for PBXNativeTarget "单例" */;
			buildPhases = (
				05CA8E781E29E1B5006B6152 /* Sources */,
				05CA8E791E29E1B5006B6152 /* Frameworks */,
				05CA8E7A1E29E1B5006B6152 /* CopyFiles */,
			);
			buildRules = (
			);
			dependencies = (
			);
			name = "单例";
			productName = "单例";
			productReference = 05CA8E7C1E29E1B5006B6152 /* 单例 */;
			productType = "com.apple.product-type.tool";
		};
		05CA8E861E29FDB9006B6152 /* 单例 Objc */ = {
			isa = PBXNativeTarget;
			buildConfigurationList = 05CA8E8D1E29FDB9006B6152 /* Build configuration list for PBXNativeTarget "单例 Objc" */;
			buildPhases = (
				05CA8E831E29FDB9006B6152 /* Sources */,
				05CA8E841E29FDB9006B6152 /* Frameworks */,
				05CA8E851E29FDB9006B6152 /* CopyFiles */,
			);
			buildRules = (
			);
			dependencies = (
			);
			name = "单例 Objc";
			productName = "单例 Objc";
			productReference = 05CA8E871E29FDB9006B6152 /* 单例 Objc */;
			productType = "com.apple.product-type.tool";
		};
		05CA8E911E29FF27006B6152 /* 单例 Swift */ = {
			isa = PBXNativeTarget;
			buildConfigurationList = 05CA8E961E29FF27006B6152 /* Build configuration list for PBXNativeTarget "单例 Swift" */;
			buildPhases = (
				05CA8E8E1E29FF27006B6152 /* Sources */,
				05CA8E8F1E29FF27006B6152 /* Frameworks */,
				05CA8E901E29FF27006B6152 /* CopyFiles */,
			);
			buildRules = (
			);
			dependencies = (
			);
			name = "单例 Swift";
			productName = "单例 Swift";
			productReference = 05CA8E921E29FF27006B6152 /* 单例 Swift */;
			productType = "com.apple.product-type.tool";
		};
		05CA8E9C1E2A07AA006B6152 /* 二维数组的查找 */ = {
			isa = PBXNativeTarget;
			buildConfigurationList = 05CA8EA11E2A07AA006B6152 /* Build configuration list for PBXNativeTarget "二维数组的查找" */;
			buildPhases = (
				05CA8E991E2A07AA006B6152 /* Sources */,
				05CA8E9A1E2A07AA006B6152 /* Frameworks */,
				05CA8E9B1E2A07AA006B6152 /* CopyFiles */,
			);
			buildRules = (
			);
			dependencies = (
			);
			name = "二维数组的查找";
			productName = "二维数组的查找";
			productReference = 05CA8E9D1E2A07AA006B6152 /* 二维数组的查找 */;
			productType = "com.apple.product-type.tool";
		};
		05CA8EA71E2A16EE006B6152 /* 替换字符串中的空格 */ = {
			isa = PBXNativeTarget;
			buildConfigurationList = 05CA8EAC1E2A16EE006B6152 /* Build configuration list for PBXNativeTarget "替换字符串中的空格" */;
			buildPhases = (
				05CA8EA41E2A16EE006B6152 /* Sources */,
				05CA8EA51E2A16EE006B6152 /* Frameworks */,
				05CA8EA61E2A16EE006B6152 /* CopyFiles */,
			);
			buildRules = (
			);
			dependencies = (
			);
			name = "替换字符串中的空格";
			productName = "替换字符串中的空格";
			productReference = 05CA8EA81E2A16EE006B6152 /* 替换字符串中的空格 */;
			productType = "com.apple.product-type.tool";
		};
		05F1B6F11E307160005232CB /* 在 O(1) 时间删除链表节点 */ = {
			isa = PBXNativeTarget;
			buildConfigurationList = 05F1B6F81E307160005232CB /* Build configuration list for PBXNativeTarget "在 O(1) 时间删除链表节点" */;
			buildPhases = (
				05F1B6EE1E307160005232CB /* Sources */,
				05F1B6EF1E307160005232CB /* Frameworks */,
				05F1B6F01E307160005232CB /* CopyFiles */,
			);
			buildRules = (
			);
			dependencies = (
			);
			name = "在 O(1) 时间删除链表节点";
			productName = "在 O(1) 时间删除链表节点";
			productReference = 05F1B6F21E307160005232CB /* 在 O(1) 时间删除链表节点 */;
			productType = "com.apple.product-type.tool";
		};
		05F1B7071E30EEDC005232CB /* 调整数组顺序使奇数位于偶数前面 */ = {
			isa = PBXNativeTarget;
			buildConfigurationList = 05F1B70E1E30EEDC005232CB /* Build configuration list for PBXNativeTarget "调整数组顺序使奇数位于偶数前面" */;
			buildPhases = (
				05F1B7041E30EEDC005232CB /* Sources */,
				05F1B7051E30EEDC005232CB /* Frameworks */,
				05F1B7061E30EEDC005232CB /* CopyFiles */,
			);
			buildRules = (
			);
			dependencies = (
			);
			name = "调整数组顺序使奇数位于偶数前面";
			productName = "调整数组顺序使奇数位于偶数前面";
			productReference = 05F1B7081E30EEDC005232CB /* 调整数组顺序使奇数位于偶数前面 */;
			productType = "com.apple.product-type.tool";
		};
		05F1B7121E323A6B005232CB /* 链表倒数第 K 个节点 */ = {
			isa = PBXNativeTarget;
			buildConfigurationList = 05F1B7191E323A6B005232CB /* Build configuration list for PBXNativeTarget "链表倒数第 K 个节点" */;
			buildPhases = (
				05F1B70F1E323A6B005232CB /* Sources */,
				05F1B7101E323A6B005232CB /* Frameworks */,
				05F1B7111E323A6B005232CB /* CopyFiles */,
			);
			buildRules = (
			);
			dependencies = (
			);
			name = "链表倒数第 K 个节点";
			productName = "链表倒数第 K 个节点";
			productReference = 05F1B7131E323A6B005232CB /* 链表倒数第 K 个节点 */;
			productType = "com.apple.product-type.tool";
		};
		05F1B71D1E338507005232CB /* 反转链表 */ = {
			isa = PBXNativeTarget;
			buildConfigurationList = 05F1B7221E338507005232CB /* Build configuration list for PBXNativeTarget "反转链表" */;
			buildPhases = (
				05F1B71A1E338507005232CB /* Sources */,
				05F1B71B1E338507005232CB /* Frameworks */,
				05F1B71C1E338507005232CB /* CopyFiles */,
			);
			buildRules = (
			);
			dependencies = (
			);
			name = "反转链表";
			productName = "反转链表";
			productReference = 05F1B71E1E338507005232CB /* 反转链表 */;
			productType = "com.apple.product-type.tool";
		};
		05F1B7281E34DDFE005232CB /* 合并两个排序的链表 */ = {
			isa = PBXNativeTarget;
			buildConfigurationList = 05F1B72D1E34DDFE005232CB /* Build configuration list for PBXNativeTarget "合并两个排序的链表" */;
			buildPhases = (
				05F1B7251E34DDFE005232CB /* Sources */,
				05F1B7261E34DDFE005232CB /* Frameworks */,
				05F1B7271E34DDFE005232CB /* CopyFiles */,
			);
			buildRules = (
			);
			dependencies = (
			);
			name = "合并两个排序的链表";
			productName = "合并两个排序的链表";
			productReference = 05F1B7291E34DDFE005232CB /* 合并两个排序的链表 */;
			productType = "com.apple.product-type.tool";
		};
		05F1B7331E35D0F1005232CB /* 树的子结构 */ = {
			isa = PBXNativeTarget;
			buildConfigurationList = 05F1B7381E35D0F1005232CB /* Build configuration list for PBXNativeTarget "树的子结构" */;
			buildPhases = (
				05F1B7301E35D0F1005232CB /* Sources */,
				05F1B7311E35D0F1005232CB /* Frameworks */,
				05F1B7321E35D0F1005232CB /* CopyFiles */,
			);
			buildRules = (
			);
			dependencies = (
			);
			name = "树的子结构";
			productName = "树的子结构";
			productReference = 05F1B7341E35D0F1005232CB /* 树的子结构 */;
			productType = "com.apple.product-type.tool";
		};
		05FF8AE81E2FAFD40099A2B0 /* 数值的整数次方 */ = {
			isa = PBXNativeTarget;
			buildConfigurationList = 05FF8AEF1E2FAFD40099A2B0 /* Build configuration list for PBXNativeTarget "数值的整数次方" */;
			buildPhases = (
				05FF8AE51E2FAFD40099A2B0 /* Sources */,
				05FF8AE61E2FAFD40099A2B0 /* Frameworks */,
				05FF8AE71E2FAFD40099A2B0 /* CopyFiles */,
			);
			buildRules = (
			);
			dependencies = (
			);
			name = "数值的整数次方";
			productName = "数值的整数次方";
			productReference = 05FF8AE91E2FAFD40099A2B0 /* 数值的整数次方 */;
			productType = "com.apple.product-type.tool";
		};
/* End PBXNativeTarget section */

/* Begin PBXProject section */
		05CA8E5B1E29E160006B6152 /* Project object */ = {
			isa = PBXProject;
			attributes = {
				LastSwiftUpdateCheck = 0820;
				LastUpgradeCheck = 0820;
				ORGANIZATIONNAME = lzh;
				TargetAttributes = {
					054E47861E2B28280041D189 = {
						CreatedOnToolsVersion = 8.2.1;
						DevelopmentTeam = V65YCRQZ2M;
						ProvisioningStyle = Automatic;
					};
					054E47911E2B71120041D189 = {
						CreatedOnToolsVersion = 8.2.1;
						DevelopmentTeam = V65YCRQZ2M;
						ProvisioningStyle = Automatic;
					};
					0569ABEA1E2DC63900940A37 = {
						CreatedOnToolsVersion = 8.2.1;
						DevelopmentTeam = V65YCRQZ2M;
						ProvisioningStyle = Automatic;
					};
					0569ABF51E2E672D00940A37 = {
						CreatedOnToolsVersion = 8.2.1;
						DevelopmentTeam = V65YCRQZ2M;
						ProvisioningStyle = Automatic;
					};
					057859A11E2CECAA003D8D33 = {
						CreatedOnToolsVersion = 8.2.1;
						DevelopmentTeam = V65YCRQZ2M;
						ProvisioningStyle = Automatic;
					};
					057859AC1E2CFF45003D8D33 = {
						CreatedOnToolsVersion = 8.2.1;
						DevelopmentTeam = V65YCRQZ2M;
						ProvisioningStyle = Automatic;
					};
					057859B71E2D07D3003D8D33 = {
						CreatedOnToolsVersion = 8.2.1;
						DevelopmentTeam = V65YCRQZ2M;
						ProvisioningStyle = Automatic;
					};
					05CA8E7B1E29E1B5006B6152 = {
						CreatedOnToolsVersion = 8.2.1;
						DevelopmentTeam = V65YCRQZ2M;
						ProvisioningStyle = Automatic;
					};
					05CA8E861E29FDB9006B6152 = {
						CreatedOnToolsVersion = 8.2.1;
						DevelopmentTeam = V65YCRQZ2M;
						ProvisioningStyle = Automatic;
					};
					05CA8E911E29FF27006B6152 = {
						CreatedOnToolsVersion = 8.2.1;
						DevelopmentTeam = V65YCRQZ2M;
						ProvisioningStyle = Automatic;
					};
					05CA8E9C1E2A07AA006B6152 = {
						CreatedOnToolsVersion = 8.2.1;
						DevelopmentTeam = V65YCRQZ2M;
						ProvisioningStyle = Automatic;
					};
					05CA8EA71E2A16EE006B6152 = {
						CreatedOnToolsVersion = 8.2.1;
						DevelopmentTeam = V65YCRQZ2M;
						ProvisioningStyle = Automatic;
					};
					05F1B6F11E307160005232CB = {
						CreatedOnToolsVersion = 8.2.1;
						DevelopmentTeam = V65YCRQZ2M;
						ProvisioningStyle = Automatic;
					};
					05F1B7071E30EEDC005232CB = {
						CreatedOnToolsVersion = 8.2.1;
						DevelopmentTeam = V65YCRQZ2M;
						ProvisioningStyle = Automatic;
					};
					05F1B7121E323A6B005232CB = {
						CreatedOnToolsVersion = 8.2.1;
						DevelopmentTeam = V65YCRQZ2M;
						ProvisioningStyle = Automatic;
					};
					05F1B71D1E338507005232CB = {
						CreatedOnToolsVersion = 8.2.1;
						DevelopmentTeam = V65YCRQZ2M;
						ProvisioningStyle = Automatic;
					};
					05F1B7281E34DDFE005232CB = {
						CreatedOnToolsVersion = 8.2.1;
						DevelopmentTeam = V65YCRQZ2M;
						ProvisioningStyle = Automatic;
					};
					05F1B7331E35D0F1005232CB = {
						CreatedOnToolsVersion = 8.2.1;
						DevelopmentTeam = V65YCRQZ2M;
						ProvisioningStyle = Automatic;
					};
					05FF8AE81E2FAFD40099A2B0 = {
						CreatedOnToolsVersion = 8.2.1;
						DevelopmentTeam = V65YCRQZ2M;
						ProvisioningStyle = Automatic;
					};
				};
			};
			buildConfigurationList = 05CA8E5E1E29E160006B6152 /* Build configuration list for PBXProject "剑指 Offer" */;
			compatibilityVersion = "Xcode 3.2";
			developmentRegion = English;
			hasScannedForEncodings = 0;
			knownRegions = (
				en,
			);
			mainGroup = 05CA8E5A1E29E160006B6152;
			productRefGroup = 05CA8E641E29E160006B6152 /* Products */;
			projectDirPath = "";
			projectRoot = "";
			targets = (
				05CA8E7B1E29E1B5006B6152 /* 单例 */,
				05CA8E861E29FDB9006B6152 /* 单例 Objc */,
				05CA8E911E29FF27006B6152 /* 单例 Swift */,
				05CA8E9C1E2A07AA006B6152 /* 二维数组的查找 */,
				05CA8EA71E2A16EE006B6152 /* 替换字符串中的空格 */,
				054E47861E2B28280041D189 /* 倒序遍历链表 */,
				054E47911E2B71120041D189 /* 重建二叉树 */,
				057859A11E2CECAA003D8D33 /* 快速排序 */,
				0569ABF51E2E672D00940A37 /* 归并排序 */,
				057859AC1E2CFF45003D8D33 /* 旋转数组中的最小数字 */,
				057859B71E2D07D3003D8D33 /* 斐波那契数列 */,
				0569ABEA1E2DC63900940A37 /* 二进制中 1 的个数 */,
				05FF8AE81E2FAFD40099A2B0 /* 数值的整数次方 */,
				05F1B6F11E307160005232CB /* 在 O(1) 时间删除链表节点 */,
				05F1B7071E30EEDC005232CB /* 调整数组顺序使奇数位于偶数前面 */,
				05F1B7121E323A6B005232CB /* 链表倒数第 K 个节点 */,
				05F1B71D1E338507005232CB /* 反转链表 */,
				05F1B7281E34DDFE005232CB /* 合并两个排序的链表 */,
				05F1B7331E35D0F1005232CB /* 树的子结构 */,
			);
		};
/* End PBXProject section */

/* Begin PBXSourcesBuildPhase section */
		054E47831E2B28280041D189 /* Sources */ = {
			isa = PBXSourcesBuildPhase;
			buildActionMask = 2147483647;
			files = (
				054E478A1E2B28280041D189 /* main.c in Sources */,
			);
			runOnlyForDeploymentPostprocessing = 0;
		};
		054E478E1E2B71120041D189 /* Sources */ = {
			isa = PBXSourcesBuildPhase;
			buildActionMask = 2147483647;
			files = (
				054E47951E2B71120041D189 /* main.c in Sources */,
			);
			runOnlyForDeploymentPostprocessing = 0;
		};
		0569ABE71E2DC63900940A37 /* Sources */ = {
			isa = PBXSourcesBuildPhase;
			buildActionMask = 2147483647;
			files = (
				0569ABEE1E2DC63900940A37 /* main.c in Sources */,
			);
			runOnlyForDeploymentPostprocessing = 0;
		};
		0569ABF21E2E672D00940A37 /* Sources */ = {
			isa = PBXSourcesBuildPhase;
			buildActionMask = 2147483647;
			files = (
				0569ABF91E2E672D00940A37 /* main.c in Sources */,
			);
			runOnlyForDeploymentPostprocessing = 0;
		};
		0578599E1E2CECAA003D8D33 /* Sources */ = {
			isa = PBXSourcesBuildPhase;
			buildActionMask = 2147483647;
			files = (
				057859A51E2CECAA003D8D33 /* main.c in Sources */,
			);
			runOnlyForDeploymentPostprocessing = 0;
		};
		057859A91E2CFF45003D8D33 /* Sources */ = {
			isa = PBXSourcesBuildPhase;
			buildActionMask = 2147483647;
			files = (
				057859B01E2CFF45003D8D33 /* main.c in Sources */,
			);
			runOnlyForDeploymentPostprocessing = 0;
		};
		057859B41E2D07D3003D8D33 /* Sources */ = {
			isa = PBXSourcesBuildPhase;
			buildActionMask = 2147483647;
			files = (
				057859BB1E2D07D3003D8D33 /* main.c in Sources */,
			);
			runOnlyForDeploymentPostprocessing = 0;
		};
		05CA8E781E29E1B5006B6152 /* Sources */ = {
			isa = PBXSourcesBuildPhase;
			buildActionMask = 2147483647;
			files = (
				05CA8E7F1E29E1B5006B6152 /* main.c in Sources */,
			);
			runOnlyForDeploymentPostprocessing = 0;
		};
		05CA8E831E29FDB9006B6152 /* Sources */ = {
			isa = PBXSourcesBuildPhase;
			buildActionMask = 2147483647;
			files = (
				05CA8E8A1E29FDB9006B6152 /* main.m in Sources */,
			);
			runOnlyForDeploymentPostprocessing = 0;
		};
		05CA8E8E1E29FF27006B6152 /* Sources */ = {
			isa = PBXSourcesBuildPhase;
			buildActionMask = 2147483647;
			files = (
				05CA8E951E29FF27006B6152 /* main.swift in Sources */,
			);
			runOnlyForDeploymentPostprocessing = 0;
		};
		05CA8E991E2A07AA006B6152 /* Sources */ = {
			isa = PBXSourcesBuildPhase;
			buildActionMask = 2147483647;
			files = (
				05CA8EA01E2A07AA006B6152 /* main.c in Sources */,
			);
			runOnlyForDeploymentPostprocessing = 0;
		};
		05CA8EA41E2A16EE006B6152 /* Sources */ = {
			isa = PBXSourcesBuildPhase;
			buildActionMask = 2147483647;
			files = (
				05CA8EAB1E2A16EE006B6152 /* main.c in Sources */,
			);
			runOnlyForDeploymentPostprocessing = 0;
		};
		05F1B6EE1E307160005232CB /* Sources */ = {
			isa = PBXSourcesBuildPhase;
			buildActionMask = 2147483647;
			files = (
				05F1B6F51E307160005232CB /* main.c in Sources */,
			);
			runOnlyForDeploymentPostprocessing = 0;
		};
		05F1B7041E30EEDC005232CB /* Sources */ = {
			isa = PBXSourcesBuildPhase;
			buildActionMask = 2147483647;
			files = (
				05F1B70B1E30EEDC005232CB /* main.c in Sources */,
			);
			runOnlyForDeploymentPostprocessing = 0;
		};
		05F1B70F1E323A6B005232CB /* Sources */ = {
			isa = PBXSourcesBuildPhase;
			buildActionMask = 2147483647;
			files = (
				05F1B7161E323A6B005232CB /* main.c in Sources */,
			);
			runOnlyForDeploymentPostprocessing = 0;
		};
		05F1B71A1E338507005232CB /* Sources */ = {
			isa = PBXSourcesBuildPhase;
			buildActionMask = 2147483647;
			files = (
				05F1B7211E338507005232CB /* main.c in Sources */,
			);
			runOnlyForDeploymentPostprocessing = 0;
		};
		05F1B7251E34DDFE005232CB /* Sources */ = {
			isa = PBXSourcesBuildPhase;
			buildActionMask = 2147483647;
			files = (
				05F1B72C1E34DDFE005232CB /* main.c in Sources */,
			);
			runOnlyForDeploymentPostprocessing = 0;
		};
		05F1B7301E35D0F1005232CB /* Sources */ = {
			isa = PBXSourcesBuildPhase;
			buildActionMask = 2147483647;
			files = (
				05F1B7371E35D0F1005232CB /* main.c in Sources */,
			);
			runOnlyForDeploymentPostprocessing = 0;
		};
		05FF8AE51E2FAFD40099A2B0 /* Sources */ = {
			isa = PBXSourcesBuildPhase;
			buildActionMask = 2147483647;
			files = (
				05FF8AEC1E2FAFD40099A2B0 /* main.c in Sources */,
			);
			runOnlyForDeploymentPostprocessing = 0;
		};
/* End PBXSourcesBuildPhase section */

/* Begin XCBuildConfiguration section */
		054E478B1E2B28280041D189 /* Debug */ = {
			isa = XCBuildConfiguration;
			buildSettings = {
				DEVELOPMENT_TEAM = V65YCRQZ2M;
				PRODUCT_NAME = "$(TARGET_NAME)";
			};
			name = Debug;
		};
		054E478C1E2B28280041D189 /* Release */ = {
			isa = XCBuildConfiguration;
			buildSettings = {
				DEVELOPMENT_TEAM = V65YCRQZ2M;
				PRODUCT_NAME = "$(TARGET_NAME)";
			};
			name = Release;
		};
		054E47971E2B71120041D189 /* Debug */ = {
			isa = XCBuildConfiguration;
			buildSettings = {
				DEVELOPMENT_TEAM = V65YCRQZ2M;
				PRODUCT_NAME = "$(TARGET_NAME)";
			};
			name = Debug;
		};
		054E47981E2B71120041D189 /* Release */ = {
			isa = XCBuildConfiguration;
			buildSettings = {
				DEVELOPMENT_TEAM = V65YCRQZ2M;
				PRODUCT_NAME = "$(TARGET_NAME)";
			};
			name = Release;
		};
		0569ABEF1E2DC63900940A37 /* Debug */ = {
			isa = XCBuildConfiguration;
			buildSettings = {
				DEVELOPMENT_TEAM = V65YCRQZ2M;
				PRODUCT_NAME = "$(TARGET_NAME)";
			};
			name = Debug;
		};
		0569ABF01E2DC63900940A37 /* Release */ = {
			isa = XCBuildConfiguration;
			buildSettings = {
				DEVELOPMENT_TEAM = V65YCRQZ2M;
				PRODUCT_NAME = "$(TARGET_NAME)";
			};
			name = Release;
		};
		0569ABFB1E2E672D00940A37 /* Debug */ = {
			isa = XCBuildConfiguration;
			buildSettings = {
				DEVELOPMENT_TEAM = V65YCRQZ2M;
				PRODUCT_NAME = "$(TARGET_NAME)";
			};
			name = Debug;
		};
		0569ABFC1E2E672D00940A37 /* Release */ = {
			isa = XCBuildConfiguration;
			buildSettings = {
				DEVELOPMENT_TEAM = V65YCRQZ2M;
				PRODUCT_NAME = "$(TARGET_NAME)";
			};
			name = Release;
		};
		057859A61E2CECAA003D8D33 /* Debug */ = {
			isa = XCBuildConfiguration;
			buildSettings = {
				DEVELOPMENT_TEAM = V65YCRQZ2M;
				PRODUCT_NAME = "$(TARGET_NAME)";
			};
			name = Debug;
		};
		057859A71E2CECAA003D8D33 /* Release */ = {
			isa = XCBuildConfiguration;
			buildSettings = {
				DEVELOPMENT_TEAM = V65YCRQZ2M;
				PRODUCT_NAME = "$(TARGET_NAME)";
			};
			name = Release;
		};
		057859B21E2CFF45003D8D33 /* Debug */ = {
			isa = XCBuildConfiguration;
			buildSettings = {
				DEVELOPMENT_TEAM = V65YCRQZ2M;
				PRODUCT_NAME = "$(TARGET_NAME)";
			};
			name = Debug;
		};
		057859B31E2CFF45003D8D33 /* Release */ = {
			isa = XCBuildConfiguration;
			buildSettings = {
				DEVELOPMENT_TEAM = V65YCRQZ2M;
				PRODUCT_NAME = "$(TARGET_NAME)";
			};
			name = Release;
		};
		057859BD1E2D07D3003D8D33 /* Debug */ = {
			isa = XCBuildConfiguration;
			buildSettings = {
				DEVELOPMENT_TEAM = V65YCRQZ2M;
				PRODUCT_NAME = "$(TARGET_NAME)";
			};
			name = Debug;
		};
		057859BE1E2D07D3003D8D33 /* Release */ = {
			isa = XCBuildConfiguration;
			buildSettings = {
				DEVELOPMENT_TEAM = V65YCRQZ2M;
				PRODUCT_NAME = "$(TARGET_NAME)";
			};
			name = Release;
		};
		05CA8E681E29E160006B6152 /* Debug */ = {
			isa = XCBuildConfiguration;
			buildSettings = {
				ALWAYS_SEARCH_USER_PATHS = NO;
				CLANG_ANALYZER_NONNULL = YES;
				CLANG_CXX_LANGUAGE_STANDARD = "gnu++0x";
				CLANG_CXX_LIBRARY = "libc++";
				CLANG_ENABLE_MODULES = YES;
				CLANG_ENABLE_OBJC_ARC = YES;
				CLANG_WARN_BOOL_CONVERSION = YES;
				CLANG_WARN_CONSTANT_CONVERSION = YES;
				CLANG_WARN_DIRECT_OBJC_ISA_USAGE = YES_ERROR;
				CLANG_WARN_DOCUMENTATION_COMMENTS = YES;
				CLANG_WARN_EMPTY_BODY = YES;
				CLANG_WARN_ENUM_CONVERSION = YES;
				CLANG_WARN_INFINITE_RECURSION = YES;
				CLANG_WARN_INT_CONVERSION = YES;
				CLANG_WARN_OBJC_ROOT_CLASS = YES_ERROR;
				CLANG_WARN_SUSPICIOUS_MOVE = YES;
				CLANG_WARN_UNREACHABLE_CODE = YES;
				CLANG_WARN__DUPLICATE_METHOD_MATCH = YES;
				CODE_SIGN_IDENTITY = "-";
				COPY_PHASE_STRIP = NO;
				DEBUG_INFORMATION_FORMAT = dwarf;
				ENABLE_STRICT_OBJC_MSGSEND = YES;
				ENABLE_TESTABILITY = YES;
				GCC_C_LANGUAGE_STANDARD = gnu99;
				GCC_DYNAMIC_NO_PIC = NO;
				GCC_NO_COMMON_BLOCKS = YES;
				GCC_OPTIMIZATION_LEVEL = 0;
				GCC_PREPROCESSOR_DEFINITIONS = (
					"DEBUG=1",
					"$(inherited)",
				);
				GCC_WARN_64_TO_32_BIT_CONVERSION = YES;
				GCC_WARN_ABOUT_RETURN_TYPE = YES_ERROR;
				GCC_WARN_UNDECLARED_SELECTOR = YES;
				GCC_WARN_UNINITIALIZED_AUTOS = YES_AGGRESSIVE;
				GCC_WARN_UNUSED_FUNCTION = YES;
				GCC_WARN_UNUSED_VARIABLE = YES;
				MACOSX_DEPLOYMENT_TARGET = 10.12;
				MTL_ENABLE_DEBUG_INFO = YES;
				ONLY_ACTIVE_ARCH = YES;
				SDKROOT = macosx;
			};
			name = Debug;
		};
		05CA8E691E29E160006B6152 /* Release */ = {
			isa = XCBuildConfiguration;
			buildSettings = {
				ALWAYS_SEARCH_USER_PATHS = NO;
				CLANG_ANALYZER_NONNULL = YES;
				CLANG_CXX_LANGUAGE_STANDARD = "gnu++0x";
				CLANG_CXX_LIBRARY = "libc++";
				CLANG_ENABLE_MODULES = YES;
				CLANG_ENABLE_OBJC_ARC = YES;
				CLANG_WARN_BOOL_CONVERSION = YES;
				CLANG_WARN_CONSTANT_CONVERSION = YES;
				CLANG_WARN_DIRECT_OBJC_ISA_USAGE = YES_ERROR;
				CLANG_WARN_DOCUMENTATION_COMMENTS = YES;
				CLANG_WARN_EMPTY_BODY = YES;
				CLANG_WARN_ENUM_CONVERSION = YES;
				CLANG_WARN_INFINITE_RECURSION = YES;
				CLANG_WARN_INT_CONVERSION = YES;
				CLANG_WARN_OBJC_ROOT_CLASS = YES_ERROR;
				CLANG_WARN_SUSPICIOUS_MOVE = YES;
				CLANG_WARN_UNREACHABLE_CODE = YES;
				CLANG_WARN__DUPLICATE_METHOD_MATCH = YES;
				CODE_SIGN_IDENTITY = "-";
				COPY_PHASE_STRIP = NO;
				DEBUG_INFORMATION_FORMAT = "dwarf-with-dsym";
				ENABLE_NS_ASSERTIONS = NO;
				ENABLE_STRICT_OBJC_MSGSEND = YES;
				GCC_C_LANGUAGE_STANDARD = gnu99;
				GCC_NO_COMMON_BLOCKS = YES;
				GCC_WARN_64_TO_32_BIT_CONVERSION = YES;
				GCC_WARN_ABOUT_RETURN_TYPE = YES_ERROR;
				GCC_WARN_UNDECLARED_SELECTOR = YES;
				GCC_WARN_UNINITIALIZED_AUTOS = YES_AGGRESSIVE;
				GCC_WARN_UNUSED_FUNCTION = YES;
				GCC_WARN_UNUSED_VARIABLE = YES;
				MACOSX_DEPLOYMENT_TARGET = 10.12;
				MTL_ENABLE_DEBUG_INFO = NO;
				SDKROOT = macosx;
			};
			name = Release;
		};
		05CA8E811E29E1B5006B6152 /* Debug */ = {
			isa = XCBuildConfiguration;
			buildSettings = {
				DEVELOPMENT_TEAM = V65YCRQZ2M;
				PRODUCT_NAME = "$(TARGET_NAME)";
			};
			name = Debug;
		};
		05CA8E821E29E1B5006B6152 /* Release */ = {
			isa = XCBuildConfiguration;
			buildSettings = {
				DEVELOPMENT_TEAM = V65YCRQZ2M;
				PRODUCT_NAME = "$(TARGET_NAME)";
			};
			name = Release;
		};
		05CA8E8B1E29FDB9006B6152 /* Debug */ = {
			isa = XCBuildConfiguration;
			buildSettings = {
				DEVELOPMENT_TEAM = V65YCRQZ2M;
				PRODUCT_NAME = "$(TARGET_NAME)";
			};
			name = Debug;
		};
		05CA8E8C1E29FDB9006B6152 /* Release */ = {
			isa = XCBuildConfiguration;
			buildSettings = {
				DEVELOPMENT_TEAM = V65YCRQZ2M;
				PRODUCT_NAME = "$(TARGET_NAME)";
			};
			name = Release;
		};
		05CA8E971E29FF27006B6152 /* Debug */ = {
			isa = XCBuildConfiguration;
			buildSettings = {
				DEVELOPMENT_TEAM = V65YCRQZ2M;
				PRODUCT_NAME = "$(TARGET_NAME)";
				SWIFT_OPTIMIZATION_LEVEL = "-Onone";
				SWIFT_VERSION = 3.0;
			};
			name = Debug;
		};
		05CA8E981E29FF27006B6152 /* Release */ = {
			isa = XCBuildConfiguration;
			buildSettings = {
				DEVELOPMENT_TEAM = V65YCRQZ2M;
				PRODUCT_NAME = "$(TARGET_NAME)";
				SWIFT_VERSION = 3.0;
			};
			name = Release;
		};
		05CA8EA21E2A07AA006B6152 /* Debug */ = {
			isa = XCBuildConfiguration;
			buildSettings = {
				DEVELOPMENT_TEAM = V65YCRQZ2M;
				PRODUCT_NAME = "$(TARGET_NAME)";
			};
			name = Debug;
		};
		05CA8EA31E2A07AA006B6152 /* Release */ = {
			isa = XCBuildConfiguration;
			buildSettings = {
				DEVELOPMENT_TEAM = V65YCRQZ2M;
				PRODUCT_NAME = "$(TARGET_NAME)";
			};
			name = Release;
		};
		05CA8EAD1E2A16EE006B6152 /* Debug */ = {
			isa = XCBuildConfiguration;
			buildSettings = {
				DEVELOPMENT_TEAM = V65YCRQZ2M;
				PRODUCT_NAME = "$(TARGET_NAME)";
			};
			name = Debug;
		};
		05CA8EAE1E2A16EE006B6152 /* Release */ = {
			isa = XCBuildConfiguration;
			buildSettings = {
				DEVELOPMENT_TEAM = V65YCRQZ2M;
				PRODUCT_NAME = "$(TARGET_NAME)";
			};
			name = Release;
		};
		05F1B6F61E307160005232CB /* Debug */ = {
			isa = XCBuildConfiguration;
			buildSettings = {
				DEVELOPMENT_TEAM = V65YCRQZ2M;
				PRODUCT_NAME = "$(TARGET_NAME)";
			};
			name = Debug;
		};
		05F1B6F71E307160005232CB /* Release */ = {
			isa = XCBuildConfiguration;
			buildSettings = {
				DEVELOPMENT_TEAM = V65YCRQZ2M;
				PRODUCT_NAME = "$(TARGET_NAME)";
			};
			name = Release;
		};
		05F1B70C1E30EEDC005232CB /* Debug */ = {
			isa = XCBuildConfiguration;
			buildSettings = {
				DEVELOPMENT_TEAM = V65YCRQZ2M;
				PRODUCT_NAME = "$(TARGET_NAME)";
			};
			name = Debug;
		};
		05F1B70D1E30EEDC005232CB /* Release */ = {
			isa = XCBuildConfiguration;
			buildSettings = {
				DEVELOPMENT_TEAM = V65YCRQZ2M;
				PRODUCT_NAME = "$(TARGET_NAME)";
			};
			name = Release;
		};
		05F1B7171E323A6B005232CB /* Debug */ = {
			isa = XCBuildConfiguration;
			buildSettings = {
				DEVELOPMENT_TEAM = V65YCRQZ2M;
				PRODUCT_NAME = "$(TARGET_NAME)";
			};
			name = Debug;
		};
		05F1B7181E323A6B005232CB /* Release */ = {
			isa = XCBuildConfiguration;
			buildSettings = {
				DEVELOPMENT_TEAM = V65YCRQZ2M;
				PRODUCT_NAME = "$(TARGET_NAME)";
			};
			name = Release;
		};
		05F1B7231E338507005232CB /* Debug */ = {
			isa = XCBuildConfiguration;
			buildSettings = {
				DEVELOPMENT_TEAM = V65YCRQZ2M;
				PRODUCT_NAME = "$(TARGET_NAME)";
			};
			name = Debug;
		};
		05F1B7241E338507005232CB /* Release */ = {
			isa = XCBuildConfiguration;
			buildSettings = {
				DEVELOPMENT_TEAM = V65YCRQZ2M;
				PRODUCT_NAME = "$(TARGET_NAME)";
			};
			name = Release;
		};
		05F1B72E1E34DDFE005232CB /* Debug */ = {
			isa = XCBuildConfiguration;
			buildSettings = {
				DEVELOPMENT_TEAM = V65YCRQZ2M;
				PRODUCT_NAME = "$(TARGET_NAME)";
			};
			name = Debug;
		};
		05F1B72F1E34DDFE005232CB /* Release */ = {
			isa = XCBuildConfiguration;
			buildSettings = {
				DEVELOPMENT_TEAM = V65YCRQZ2M;
				PRODUCT_NAME = "$(TARGET_NAME)";
			};
			name = Release;
		};
		05F1B7391E35D0F1005232CB /* Debug */ = {
			isa = XCBuildConfiguration;
			buildSettings = {
				DEVELOPMENT_TEAM = V65YCRQZ2M;
				PRODUCT_NAME = "$(TARGET_NAME)";
			};
			name = Debug;
		};
		05F1B73A1E35D0F1005232CB /* Release */ = {
			isa = XCBuildConfiguration;
			buildSettings = {
				DEVELOPMENT_TEAM = V65YCRQZ2M;
				PRODUCT_NAME = "$(TARGET_NAME)";
			};
			name = Release;
		};
		05FF8AED1E2FAFD40099A2B0 /* Debug */ = {
			isa = XCBuildConfiguration;
			buildSettings = {
				DEVELOPMENT_TEAM = V65YCRQZ2M;
				PRODUCT_NAME = "$(TARGET_NAME)";
			};
			name = Debug;
		};
		05FF8AEE1E2FAFD40099A2B0 /* Release */ = {
			isa = XCBuildConfiguration;
			buildSettings = {
				DEVELOPMENT_TEAM = V65YCRQZ2M;
				PRODUCT_NAME = "$(TARGET_NAME)";
			};
			name = Release;
		};
/* End XCBuildConfiguration section */

/* Begin XCConfigurationList section */
		054E478D1E2B28280041D189 /* Build configuration list for PBXNativeTarget "倒序遍历链表" */ = {
			isa = XCConfigurationList;
			buildConfigurations = (
				054E478B1E2B28280041D189 /* Debug */,
				054E478C1E2B28280041D189 /* Release */,
			);
			defaultConfigurationIsVisible = 0;
			defaultConfigurationName = Release;
		};
		054E47961E2B71120041D189 /* Build configuration list for PBXNativeTarget "重建二叉树" */ = {
			isa = XCConfigurationList;
			buildConfigurations = (
				054E47971E2B71120041D189 /* Debug */,
				054E47981E2B71120041D189 /* Release */,
			);
			defaultConfigurationIsVisible = 0;
			defaultConfigurationName = Release;
		};
		0569ABF11E2DC63900940A37 /* Build configuration list for PBXNativeTarget "二进制中 1 的个数" */ = {
			isa = XCConfigurationList;
			buildConfigurations = (
				0569ABEF1E2DC63900940A37 /* Debug */,
				0569ABF01E2DC63900940A37 /* Release */,
			);
			defaultConfigurationIsVisible = 0;
			defaultConfigurationName = Release;
		};
		0569ABFA1E2E672D00940A37 /* Build configuration list for PBXNativeTarget "归并排序" */ = {
			isa = XCConfigurationList;
			buildConfigurations = (
				0569ABFB1E2E672D00940A37 /* Debug */,
				0569ABFC1E2E672D00940A37 /* Release */,
			);
			defaultConfigurationIsVisible = 0;
			defaultConfigurationName = Release;
		};
		057859A81E2CECAA003D8D33 /* Build configuration list for PBXNativeTarget "快速排序" */ = {
			isa = XCConfigurationList;
			buildConfigurations = (
				057859A61E2CECAA003D8D33 /* Debug */,
				057859A71E2CECAA003D8D33 /* Release */,
			);
			defaultConfigurationIsVisible = 0;
			defaultConfigurationName = Release;
		};
		057859B11E2CFF45003D8D33 /* Build configuration list for PBXNativeTarget "旋转数组中的最小数字" */ = {
			isa = XCConfigurationList;
			buildConfigurations = (
				057859B21E2CFF45003D8D33 /* Debug */,
				057859B31E2CFF45003D8D33 /* Release */,
			);
			defaultConfigurationIsVisible = 0;
			defaultConfigurationName = Release;
		};
		057859BC1E2D07D3003D8D33 /* Build configuration list for PBXNativeTarget "斐波那契数列" */ = {
			isa = XCConfigurationList;
			buildConfigurations = (
				057859BD1E2D07D3003D8D33 /* Debug */,
				057859BE1E2D07D3003D8D33 /* Release */,
			);
			defaultConfigurationIsVisible = 0;
			defaultConfigurationName = Release;
		};
		05CA8E5E1E29E160006B6152 /* Build configuration list for PBXProject "剑指 Offer" */ = {
			isa = XCConfigurationList;
			buildConfigurations = (
				05CA8E681E29E160006B6152 /* Debug */,
				05CA8E691E29E160006B6152 /* Release */,
			);
			defaultConfigurationIsVisible = 0;
			defaultConfigurationName = Release;
		};
		05CA8E801E29E1B5006B6152 /* Build configuration list for PBXNativeTarget "单例" */ = {
			isa = XCConfigurationList;
			buildConfigurations = (
				05CA8E811E29E1B5006B6152 /* Debug */,
				05CA8E821E29E1B5006B6152 /* Release */,
			);
			defaultConfigurationIsVisible = 0;
			defaultConfigurationName = Release;
		};
		05CA8E8D1E29FDB9006B6152 /* Build configuration list for PBXNativeTarget "单例 Objc" */ = {
			isa = XCConfigurationList;
			buildConfigurations = (
				05CA8E8B1E29FDB9006B6152 /* Debug */,
				05CA8E8C1E29FDB9006B6152 /* Release */,
			);
			defaultConfigurationIsVisible = 0;
			defaultConfigurationName = Release;
		};
		05CA8E961E29FF27006B6152 /* Build configuration list for PBXNativeTarget "单例 Swift" */ = {
			isa = XCConfigurationList;
			buildConfigurations = (
				05CA8E971E29FF27006B6152 /* Debug */,
				05CA8E981E29FF27006B6152 /* Release */,
			);
			defaultConfigurationIsVisible = 0;
			defaultConfigurationName = Release;
		};
		05CA8EA11E2A07AA006B6152 /* Build configuration list for PBXNativeTarget "二维数组的查找" */ = {
			isa = XCConfigurationList;
			buildConfigurations = (
				05CA8EA21E2A07AA006B6152 /* Debug */,
				05CA8EA31E2A07AA006B6152 /* Release */,
			);
			defaultConfigurationIsVisible = 0;
			defaultConfigurationName = Release;
		};
		05CA8EAC1E2A16EE006B6152 /* Build configuration list for PBXNativeTarget "替换字符串中的空格" */ = {
			isa = XCConfigurationList;
			buildConfigurations = (
				05CA8EAD1E2A16EE006B6152 /* Debug */,
				05CA8EAE1E2A16EE006B6152 /* Release */,
			);
			defaultConfigurationIsVisible = 0;
			defaultConfigurationName = Release;
		};
		05F1B6F81E307160005232CB /* Build configuration list for PBXNativeTarget "在 O(1) 时间删除链表节点" */ = {
			isa = XCConfigurationList;
			buildConfigurations = (
				05F1B6F61E307160005232CB /* Debug */,
				05F1B6F71E307160005232CB /* Release */,
			);
			defaultConfigurationIsVisible = 0;
			defaultConfigurationName = Release;
		};
		05F1B70E1E30EEDC005232CB /* Build configuration list for PBXNativeTarget "调整数组顺序使奇数位于偶数前面" */ = {
			isa = XCConfigurationList;
			buildConfigurations = (
				05F1B70C1E30EEDC005232CB /* Debug */,
				05F1B70D1E30EEDC005232CB /* Release */,
			);
			defaultConfigurationIsVisible = 0;
			defaultConfigurationName = Release;
		};
		05F1B7191E323A6B005232CB /* Build configuration list for PBXNativeTarget "链表倒数第 K 个节点" */ = {
			isa = XCConfigurationList;
			buildConfigurations = (
				05F1B7171E323A6B005232CB /* Debug */,
				05F1B7181E323A6B005232CB /* Release */,
			);
			defaultConfigurationIsVisible = 0;
		};
		05F1B7221E338507005232CB /* Build configuration list for PBXNativeTarget "反转链表" */ = {
			isa = XCConfigurationList;
			buildConfigurations = (
				05F1B7231E338507005232CB /* Debug */,
				05F1B7241E338507005232CB /* Release */,
			);
			defaultConfigurationIsVisible = 0;
		};
		05F1B72D1E34DDFE005232CB /* Build configuration list for PBXNativeTarget "合并两个排序的链表" */ = {
			isa = XCConfigurationList;
			buildConfigurations = (
				05F1B72E1E34DDFE005232CB /* Debug */,
				05F1B72F1E34DDFE005232CB /* Release */,
			);
			defaultConfigurationIsVisible = 0;
		};
		05F1B7381E35D0F1005232CB /* Build configuration list for PBXNativeTarget "树的子结构" */ = {
			isa = XCConfigurationList;
			buildConfigurations = (
				05F1B7391E35D0F1005232CB /* Debug */,
				05F1B73A1E35D0F1005232CB /* Release */,
			);
			defaultConfigurationIsVisible = 0;
		};
		05FF8AEF1E2FAFD40099A2B0 /* Build configuration list for PBXNativeTarget "数值的整数次方" */ = {
			isa = XCConfigurationList;
			buildConfigurations = (
				05FF8AED1E2FAFD40099A2B0 /* Debug */,
				05FF8AEE1E2FAFD40099A2B0 /* Release */,
			);
			defaultConfigurationIsVisible = 0;
			defaultConfigurationName = Release;
		};
/* End XCConfigurationList section */
	};
	rootObject = 05CA8E5B1E29E160006B6152 /* Project object */;
}
